// !$*UTF8*$!
{
	archiveVersion = 1;
	classes = {
	};
	objectVersion = 55;
	objects = {

/* Begin PBXBuildFile section */
		2221B05B2944A248009788BC /* TaskManagerApp.swift in Sources */ = {isa = PBXBuildFile; fileRef = 2221B05A2944A248009788BC /* TaskManagerApp.swift */; };
		2221B05D2944A248009788BC /* ContentView.swift in Sources */ = {isa = PBXBuildFile; fileRef = 2221B05C2944A248009788BC /* ContentView.swift */; };
		2221B05F2944A24A009788BC /* Assets.xcassets in Resources */ = {isa = PBXBuildFile; fileRef = 2221B05E2944A24A009788BC /* Assets.xcassets */; };
		2221B0622944A24A009788BC /* Preview Assets.xcassets in Resources */ = {isa = PBXBuildFile; fileRef = 2221B0612944A24A009788BC /* Preview Assets.xcassets */; };
		2221B0642944A24A009788BC /* Persistence.swift in Sources */ = {isa = PBXBuildFile; fileRef = 2221B0632944A24A009788BC /* Persistence.swift */; };
		2221B0672944A24A009788BC /* TaskManager.xcdatamodeld in Sources */ = {isa = PBXBuildFile; fileRef = 2221B0652944A24A009788BC /* TaskManager.xcdatamodeld */; };
		2221B0712944A24A009788BC /* TaskManagerTests.swift in Sources */ = {isa = PBXBuildFile; fileRef = 2221B0702944A24A009788BC /* TaskManagerTests.swift */; };
		2221B07B2944A24A009788BC /* TaskManagerUITests.swift in Sources */ = {isa = PBXBuildFile; fileRef = 2221B07A2944A24A009788BC /* TaskManagerUITests.swift */; };
		2221B07D2944A24A009788BC /* TaskManagerUITestsLaunchTests.swift in Sources */ = {isa = PBXBuildFile; fileRef = 2221B07C2944A24A009788BC /* TaskManagerUITestsLaunchTests.swift */; };
/* End PBXBuildFile section */

/* Begin PBXContainerItemProxy section */
		2221B06D2944A24A009788BC /* PBXContainerItemProxy */ = {
			isa = PBXContainerItemProxy;
			containerPortal = 2221B04F2944A248009788BC /* Project object */;
			proxyType = 1;
			remoteGlobalIDString = 2221B0562944A248009788BC;
			remoteInfo = TaskManager;
		};
		2221B0772944A24A009788BC /* PBXContainerItemProxy */ = {
			isa = PBXContainerItemProxy;
			containerPortal = 2221B04F2944A248009788BC /* Project object */;
			proxyType = 1;
			remoteGlobalIDString = 2221B0562944A248009788BC;
			remoteInfo = TaskManager;
		};
/* End PBXContainerItemProxy section */

/* Begin PBXFileReference section */
		2221B0572944A248009788BC /* TaskManager.app */ = {isa = PBXFileReference; explicitFileType = wrapper.application; includeInIndex = 0; path = TaskManager.app; sourceTree = BUILT_PRODUCTS_DIR; };
		2221B05A2944A248009788BC /* TaskManagerApp.swift */ = {isa = PBXFileReference; lastKnownFileType = sourcecode.swift; path = TaskManagerApp.swift; sourceTree = "<group>"; };
		2221B05C2944A248009788BC /* ContentView.swift */ = {isa = PBXFileReference; lastKnownFileType = sourcecode.swift; path = ContentView.swift; sourceTree = "<group>"; };
		2221B05E2944A24A009788BC /* Assets.xcassets */ = {isa = PBXFileReference; lastKnownFileType = folder.assetcatalog; path = Assets.xcassets; sourceTree = "<group>"; };
		2221B0612944A24A009788BC /* Preview Assets.xcassets */ = {isa = PBXFileReference; lastKnownFileType = folder.assetcatalog; path = "Preview Assets.xcassets"; sourceTree = "<group>"; };
		2221B0632944A24A009788BC /* Persistence.swift */ = {isa = PBXFileReference; lastKnownFileType = sourcecode.swift; path = Persistence.swift; sourceTree = "<group>"; };
		2221B0662944A24A009788BC /* TaskManager.xcdatamodel */ = {isa = PBXFileReference; lastKnownFileType = wrapper.xcdatamodel; path = TaskManager.xcdatamodel; sourceTree = "<group>"; };
		2221B06C2944A24A009788BC /* TaskManagerTests.xctest */ = {isa = PBXFileReference; explicitFileType = wrapper.cfbundle; includeInIndex = 0; path = TaskManagerTests.xctest; sourceTree = BUILT_PRODUCTS_DIR; };
		2221B0702944A24A009788BC /* TaskManagerTests.swift */ = {isa = PBXFileReference; lastKnownFileType = sourcecode.swift; path = TaskManagerTests.swift; sourceTree = "<group>"; };
		2221B0762944A24A009788BC /* TaskManagerUITests.xctest */ = {isa = PBXFileReference; explicitFileType = wrapper.cfbundle; includeInIndex = 0; path = TaskManagerUITests.xctest; sourceTree = BUILT_PRODUCTS_DIR; };
		2221B07A2944A24A009788BC /* TaskManagerUITests.swift */ = {isa = PBXFileReference; lastKnownFileType = sourcecode.swift; path = TaskManagerUITests.swift; sourceTree = "<group>"; };
		2221B07C2944A24A009788BC /* TaskManagerUITestsLaunchTests.swift */ = {isa = PBXFileReference; lastKnownFileType = sourcecode.swift; path = TaskManagerUITestsLaunchTests.swift; sourceTree = "<group>"; };
/* End PBXFileReference section */

/* Begin PBXFrameworksBuildPhase section */
		2221B0542944A248009788BC /* Frameworks */ = {
			isa = PBXFrameworksBuildPhase;
			buildActionMask = 2147483647;
			files = (
			);
			runOnlyForDeploymentPostprocessing = 0;
		};
		2221B0692944A24A009788BC /* Frameworks */ = {
			isa = PBXFrameworksBuildPhase;
			buildActionMask = 2147483647;
			files = (
			);
			runOnlyForDeploymentPostprocessing = 0;
		};
		2221B0732944A24A009788BC /* Frameworks */ = {
			isa = PBXFrameworksBuildPhase;
			buildActionMask = 2147483647;
			files = (
			);
			runOnlyForDeploymentPostprocessing = 0;
		};
/* End PBXFrameworksBuildPhase section */

/* Begin PBXGroup section */
		2221B04E2944A248009788BC = {
			isa = PBXGroup;
			children = (
				2221B0592944A248009788BC /* TaskManager */,
				2221B06F2944A24A009788BC /* TaskManagerTests */,
				2221B0792944A24A009788BC /* TaskManagerUITests */,
				2221B0582944A248009788BC /* Products */,
			);
			sourceTree = "<group>";
		};
		2221B0582944A248009788BC /* Products */ = {
			isa = PBXGroup;
			children = (
				2221B0572944A248009788BC /* TaskManager.app */,
				2221B06C2944A24A009788BC /* TaskManagerTests.xctest */,
				2221B0762944A24A009788BC /* TaskManagerUITests.xctest */,
			);
			name = Products;
			sourceTree = "<group>";
		};
		2221B0592944A248009788BC /* TaskManager */ = {
			isa = PBXGroup;
			children = (
				2221B05A2944A248009788BC /* TaskManagerApp.swift */,
				2221B05C2944A248009788BC /* ContentView.swift */,
				2221B05E2944A24A009788BC /* Assets.xcassets */,
				2221B0632944A24A009788BC /* Persistence.swift */,
				2221B0652944A24A009788BC /* TaskManager.xcdatamodeld */,
				2221B0602944A24A009788BC /* Preview Content */,
			);
			path = TaskManager;
			sourceTree = "<group>";
		};
		2221B0602944A24A009788BC /* Preview Content */ = {
			isa = PBXGroup;
			children = (
				2221B0612944A24A009788BC /* Preview Assets.xcassets */,
			);
			path = "Preview Content";
			sourceTree = "<group>";
		};
		2221B06F2944A24A009788BC /* TaskManagerTests */ = {
			isa = PBXGroup;
			children = (
				2221B0702944A24A009788BC /* TaskManagerTests.swift */,
			);
			path = TaskManagerTests;
			sourceTree = "<group>";
		};
		2221B0792944A24A009788BC /* TaskManagerUITests */ = {
			isa = PBXGroup;
			children = (
				2221B07A2944A24A009788BC /* TaskManagerUITests.swift */,
				2221B07C2944A24A009788BC /* TaskManagerUITestsLaunchTests.swift */,
			);
			path = TaskManagerUITests;
			sourceTree = "<group>";
		};
/* End PBXGroup section */

/* Begin PBXNativeTarget section */
		2221B0562944A248009788BC /* TaskManager */ = {
			isa = PBXNativeTarget;
			buildConfigurationList = 2221B0802944A24A009788BC /* Build configuration list for PBXNativeTarget "TaskManager" */;
			buildPhases = (
				2221B0532944A248009788BC /* Sources */,
				2221B0542944A248009788BC /* Frameworks */,
				2221B0552944A248009788BC /* Resources */,
			);
			buildRules = (
			);
			dependencies = (
			);
			name = TaskManager;
			productName = TaskManager;
			productReference = 2221B0572944A248009788BC /* TaskManager.app */;
			productType = "com.apple.product-type.application";
		};
		2221B06B2944A24A009788BC /* TaskManagerTests */ = {
			isa = PBXNativeTarget;
			buildConfigurationList = 2221B0832944A24A009788BC /* Build configuration list for PBXNativeTarget "TaskManagerTests" */;
			buildPhases = (
				2221B0682944A24A009788BC /* Sources */,
				2221B0692944A24A009788BC /* Frameworks */,
				2221B06A2944A24A009788BC /* Resources */,
			);
			buildRules = (
			);
			dependencies = (
				2221B06E2944A24A009788BC /* PBXTargetDependency */,
			);
			name = TaskManagerTests;
			productName = TaskManagerTests;
			productReference = 2221B06C2944A24A009788BC /* TaskManagerTests.xctest */;
			productType = "com.apple.product-type.bundle.unit-test";
		};
		2221B0752944A24A009788BC /* TaskManagerUITests */ = {
			isa = PBXNativeTarget;
			buildConfigurationList = 2221B0862944A24A009788BC /* Build configuration list for PBXNativeTarget "TaskManagerUITests" */;
			buildPhases = (
				2221B0722944A24A009788BC /* Sources */,
				2221B0732944A24A009788BC /* Frameworks */,
				2221B0742944A24A009788BC /* Resources */,
			);
			buildRules = (
			);
			dependencies = (
				2221B0782944A24A009788BC /* PBXTargetDependency */,
			);
			name = TaskManagerUITests;
			productName = TaskManagerUITests;
			productReference = 2221B0762944A24A009788BC /* TaskManagerUITests.xctest */;
			productType = "com.apple.product-type.bundle.ui-testing";
		};
/* End PBXNativeTarget section */

/* Begin PBXProject section */
		2221B04F2944A248009788BC /* Project object */ = {
			isa = PBXProject;
			attributes = {
				BuildIndependentTargetsInParallel = 1;
				LastSwiftUpdateCheck = 1340;
				LastUpgradeCheck = 1340;
				TargetAttributes = {
					2221B0562944A248009788BC = {
						CreatedOnToolsVersion = 13.4.1;
					};
					2221B06B2944A24A009788BC = {
						CreatedOnToolsVersion = 13.4.1;
						TestTargetID = 2221B0562944A248009788BC;
					};
					2221B0752944A24A009788BC = {
						CreatedOnToolsVersion = 13.4.1;
						TestTargetID = 2221B0562944A248009788BC;
					};
				};
			};
			buildConfigurationList = 2221B0522944A248009788BC /* Build configuration list for PBXProject "TaskManager" */;
			compatibilityVersion = "Xcode 13.0";
			developmentRegion = en;
			hasScannedForEncodings = 0;
			knownRegions = (
				en,
				Base,
			);
			mainGroup = 2221B04E2944A248009788BC;
			productRefGroup = 2221B0582944A248009788BC /* Products */;
			projectDirPath = "";
			projectRoot = "";
			targets = (
				2221B0562944A248009788BC /* TaskManager */,
				2221B06B2944A24A009788BC /* TaskManagerTests */,
				2221B0752944A24A009788BC /* TaskManagerUITests */,
			);
		};
/* End PBXProject section */

/* Begin PBXResourcesBuildPhase section */
		2221B0552944A248009788BC /* Resources */ = {
			isa = PBXResourcesBuildPhase;
			buildActionMask = 2147483647;
			files = (
				2221B0622944A24A009788BC /* Preview Assets.xcassets in Resources */,
				2221B05F2944A24A009788BC /* Assets.xcassets in Resources */,
			);
			runOnlyForDeploymentPostprocessing = 0;
		};
		2221B06A2944A24A009788BC /* Resources */ = {
			isa = PBXResourcesBuildPhase;
			buildActionMask = 2147483647;
			files = (
			);
			runOnlyForDeploymentPostprocessing = 0;
		};
		2221B0742944A24A009788BC /* Resources */ = {
			isa = PBXResourcesBuildPhase;
			buildActionMask = 2147483647;
			files = (
			);
			runOnlyForDeploymentPostprocessing = 0;
		};
/* End PBXResourcesBuildPhase section */

/* Begin PBXSourcesBuildPhase section */
		2221B0532944A248009788BC /* Sources */ = {
			isa = PBXSourcesBuildPhase;
			buildActionMask = 2147483647;
			files = (
				2221B0642944A24A009788BC /* Persistence.swift in Sources */,
				2221B05D2944A248009788BC /* ContentView.swift in Sources */,
				2221B0672944A24A009788BC /* TaskManager.xcdatamodeld in Sources */,
				2221B05B2944A248009788BC /* TaskManagerApp.swift in Sources */,
			);
			runOnlyForDeploymentPostprocessing = 0;
		};
		2221B0682944A24A009788BC /* Sources */ = {
			isa = PBXSourcesBuildPhase;
			buildActionMask = 2147483647;
			files = (
				2221B0712944A24A009788BC /* TaskManagerTests.swift in Sources */,
			);
			runOnlyForDeploymentPostprocessing = 0;
		};
		2221B0722944A24A009788BC /* Sources */ = {
			isa = PBXSourcesBuildPhase;
			buildActionMask = 2147483647;
			files = (
				2221B07B2944A24A009788BC /* TaskManagerUITests.swift in Sources */,
				2221B07D2944A24A009788BC /* TaskManagerUITestsLaunchTests.swift in Sources */,
			);
			runOnlyForDeploymentPostprocessing = 0;
		};
/* End PBXSourcesBuildPhase section */

/* Begin PBXTargetDependency section */
		2221B06E2944A24A009788BC /* PBXTargetDependency */ = {
			isa = PBXTargetDependency;
			target = 2221B0562944A248009788BC /* TaskManager */;
			targetProxy = 2221B06D2944A24A009788BC /* PBXContainerItemProxy */;
		};
		2221B0782944A24A009788BC /* PBXTargetDependency */ = {
			isa = PBXTargetDependency;
			target = 2221B0562944A248009788BC /* TaskManager */;
			targetProxy = 2221B0772944A24A009788BC /* PBXContainerItemProxy */;
		};
/* End PBXTargetDependency section */

/* Begin XCBuildConfiguration section */
		2221B07E2944A24A009788BC /* Debug */ = {
			isa = XCBuildConfiguration;
			buildSettings = {
				ALWAYS_SEARCH_USER_PATHS = NO;
				CLANG_ANALYZER_NONNULL = YES;
				CLANG_ANALYZER_NUMBER_OBJECT_CONVERSION = YES_AGGRESSIVE;
				CLANG_CXX_LANGUAGE_STANDARD = "gnu++17";
				CLANG_ENABLE_MODULES = YES;
				CLANG_ENABLE_OBJC_ARC = YES;
				CLANG_ENABLE_OBJC_WEAK = YES;
				CLANG_WARN_BLOCK_CAPTURE_AUTORELEASING = YES;
				CLANG_WARN_BOOL_CONVERSION = YES;
				CLANG_WARN_COMMA = YES;
				CLANG_WARN_CONSTANT_CONVERSION = YES;
				CLANG_WARN_DEPRECATED_OBJC_IMPLEMENTATIONS = YES;
				CLANG_WARN_DIRECT_OBJC_ISA_USAGE = YES_ERROR;
				CLANG_WARN_DOCUMENTATION_COMMENTS = YES;
				CLANG_WARN_EMPTY_BODY = YES;
				CLANG_WARN_ENUM_CONVERSION = YES;
				CLANG_WARN_INFINITE_RECURSION = YES;
				CLANG_WARN_INT_CONVERSION = YES;
				CLANG_WARN_NON_LITERAL_NULL_CONVERSION = YES;
				CLANG_WARN_OBJC_IMPLICIT_RETAIN_SELF = YES;
				CLANG_WARN_OBJC_LITERAL_CONVERSION = YES;
				CLANG_WARN_OBJC_ROOT_CLASS = YES_ERROR;
				CLANG_WARN_QUOTED_INCLUDE_IN_FRAMEWORK_HEADER = YES;
				CLANG_WARN_RANGE_LOOP_ANALYSIS = YES;
				CLANG_WARN_STRICT_PROTOTYPES = YES;
				CLANG_WARN_SUSPICIOUS_MOVE = YES;
				CLANG_WARN_UNGUARDED_AVAILABILITY = YES_AGGRESSIVE;
				CLANG_WARN_UNREACHABLE_CODE = YES;
				CLANG_WARN__DUPLICATE_METHOD_MATCH = YES;
				COPY_PHASE_STRIP = NO;
				DEBUG_INFORMATION_FORMAT = dwarf;
				ENABLE_STRICT_OBJC_MSGSEND = YES;
				ENABLE_TESTABILITY = YES;
				GCC_C_LANGUAGE_STANDARD = gnu11;
				GCC_DYNAMIC_NO_PIC = NO;
				GCC_NO_COMMON_BLOCKS = YES;
				GCC_OPTIMIZATION_LEVEL = 0;
				GCC_PREPROCESSOR_DEFINITIONS = (
					"DEBUG=1",
					"$(inherited)",
				);
				GCC_WARN_64_TO_32_BIT_CONVERSION = YES;
				GCC_WARN_ABOUT_RETURN_TYPE = YES_ERROR;
				GCC_WARN_UNDECLARED_SELECTOR = YES;
				GCC_WARN_UNINITIALIZED_AUTOS = YES_AGGRESSIVE;
				GCC_WARN_UNUSED_FUNCTION = YES;
				GCC_WARN_UNUSED_VARIABLE = YES;
				IPHONEOS_DEPLOYMENT_TARGET = 15.5;
				MTL_ENABLE_DEBUG_INFO = INCLUDE_SOURCE;
				MTL_FAST_MATH = YES;
				ONLY_ACTIVE_ARCH = YES;
				SDKROOT = iphoneos;
				SWIFT_ACTIVE_COMPILATION_CONDITIONS = DEBUG;
				SWIFT_OPTIMIZATION_LEVEL = "-Onone";
			};
			name = Debug;
		};
		2221B07F2944A24A009788BC /* Release */ = {
			isa = XCBuildConfiguration;
			buildSettings = {
				ALWAYS_SEARCH_USER_PATHS = NO;
				CLANG_ANALYZER_NONNULL = YES;
				CLANG_ANALYZER_NUMBER_OBJECT_CONVERSION = YES_AGGRESSIVE;
				CLANG_CXX_LANGUAGE_STANDARD = "gnu++17";
				CLANG_ENABLE_MODULES = YES;
				CLANG_ENABLE_OBJC_ARC = YES;
				CLANG_ENABLE_OBJC_WEAK = YES;
				CLANG_WARN_BLOCK_CAPTURE_AUTORELEASING = YES;
				CLANG_WARN_BOOL_CONVERSION = YES;
				CLANG_WARN_COMMA = YES;
				CLANG_WARN_CONSTANT_CONVERSION = YES;
				CLANG_WARN_DEPRECATED_OBJC_IMPLEMENTATIONS = YES;
				CLANG_WARN_DIRECT_OBJC_ISA_USAGE = YES_ERROR;
				CLANG_WARN_DOCUMENTATION_COMMENTS = YES;
				CLANG_WARN_EMPTY_BODY = YES;
				CLANG_WARN_ENUM_CONVERSION = YES;
				CLANG_WARN_INFINITE_RECURSION = YES;
				CLANG_WARN_INT_CONVERSION = YES;
				CLANG_WARN_NON_LITERAL_NULL_CONVERSION = YES;
				CLANG_WARN_OBJC_IMPLICIT_RETAIN_SELF = YES;
				CLANG_WARN_OBJC_LITERAL_CONVERSION = YES;
				CLANG_WARN_OBJC_ROOT_CLASS = YES_ERROR;
				CLANG_WARN_QUOTED_INCLUDE_IN_FRAMEWORK_HEADER = YES;
				CLANG_WARN_RANGE_LOOP_ANALYSIS = YES;
				CLANG_WARN_STRICT_PROTOTYPES = YES;
				CLANG_WARN_SUSPICIOUS_MOVE = YES;
				CLANG_WARN_UNGUARDED_AVAILABILITY = YES_AGGRESSIVE;
				CLANG_WARN_UNREACHABLE_CODE = YES;
				CLANG_WARN__DUPLICATE_METHOD_MATCH = YES;
				COPY_PHASE_STRIP = NO;
				DEBUG_INFORMATION_FORMAT = "dwarf-with-dsym";
				ENABLE_NS_ASSERTIONS = NO;
				ENABLE_STRICT_OBJC_MSGSEND = YES;
				GCC_C_LANGUAGE_STANDARD = gnu11;
				GCC_NO_COMMON_BLOCKS = YES;
				GCC_WARN_64_TO_32_BIT_CONVERSION = YES;
				GCC_WARN_ABOUT_RETURN_TYPE = YES_ERROR;
				GCC_WARN_UNDECLARED_SELECTOR = YES;
				GCC_WARN_UNINITIALIZED_AUTOS = YES_AGGRESSIVE;
				GCC_WARN_UNUSED_FUNCTION = YES;
				GCC_WARN_UNUSED_VARIABLE = YES;
				IPHONEOS_DEPLOYMENT_TARGET = 15.5;
				MTL_ENABLE_DEBUG_INFO = NO;
				MTL_FAST_MATH = YES;
				SDKROOT = iphoneos;
				SWIFT_COMPILATION_MODE = wholemodule;
				SWIFT_OPTIMIZATION_LEVEL = "-O";
				VALIDATE_PRODUCT = YES;
			};
			name = Release;
		};
		2221B0812944A24A009788BC /* Debug */ = {
			isa = XCBuildConfiguration;
			buildSettings = {
				ASSETCATALOG_COMPILER_APPICON_NAME = AppIcon;
				ASSETCATALOG_COMPILER_GLOBAL_ACCENT_COLOR_NAME = AccentColor;
				CODE_SIGN_STYLE = Automatic;
				CURRENT_PROJECT_VERSION = 1;
				DEVELOPMENT_ASSET_PATHS = "\"TaskManager/Preview Content\"";
				DEVELOPMENT_TEAM = 42ZT22L985;
				ENABLE_PREVIEWS = YES;
				GENERATE_INFOPLIST_FILE = YES;
				INFOPLIST_KEY_UIApplicationSceneManifest_Generation = YES;
				INFOPLIST_KEY_UIApplicationSupportsIndirectInputEvents = YES;
				INFOPLIST_KEY_UILaunchScreen_Generation = YES;
				INFOPLIST_KEY_UISupportedInterfaceOrientations_iPad = "UIInterfaceOrientationPortrait UIInterfaceOrientationPortraitUpsideDown UIInterfaceOrientationLandscapeLeft UIInterfaceOrientationLandscapeRight";
				INFOPLIST_KEY_UISupportedInterfaceOrientations_iPhone = "UIInterfaceOrientationPortrait UIInterfaceOrientationLandscapeLeft UIInterfaceOrientationLandscapeRight";
				LD_RUNPATH_SEARCH_PATHS = (
					"$(inherited)",
					"@executable_path/Frameworks",
				);
				MARKETING_VERSION = 1.0;
				PRODUCT_BUNDLE_IDENTIFIER = co.fidanoruc.TaskManager;
				PRODUCT_NAME = "$(TARGET_NAME)";
				SWIFT_EMIT_LOC_STRINGS = YES;
				SWIFT_VERSION = 5.0;
				TARGETED_DEVICE_FAMILY = "1,2";
			};
			name = Debug;
		};
		2221B0822944A24A009788BC /* Release */ = {
			isa = XCBuildConfiguration;
			buildSettings = {
				ASSETCATALOG_COMPILER_APPICON_NAME = AppIcon;
				ASSETCATALOG_COMPILER_GLOBAL_ACCENT_COLOR_NAME = AccentColor;
				CODE_SIGN_STYLE = Automatic;
				CURRENT_PROJECT_VERSION = 1;
				DEVELOPMENT_ASSET_PATHS = "\"TaskManager/Preview Content\"";
				DEVELOPMENT_TEAM = 42ZT22L985;
				ENABLE_PREVIEWS = YES;
				GENERATE_INFOPLIST_FILE = YES;
				INFOPLIST_KEY_UIApplicationSceneManifest_Generation = YES;
				INFOPLIST_KEY_UIApplicationSupportsIndirectInputEvents = YES;
				INFOPLIST_KEY_UILaunchScreen_Generation = YES;
				INFOPLIST_KEY_UISupportedInterfaceOrientations_iPad = "UIInterfaceOrientationPortrait UIInterfaceOrientationPortraitUpsideDown UIInterfaceOrientationLandscapeLeft UIInterfaceOrientationLandscapeRight";
				INFOPLIST_KEY_UISupportedInterfaceOrientations_iPhone = "UIInterfaceOrientationPortrait UIInterfaceOrientationLandscapeLeft UIInterfaceOrientationLandscapeRight";
				LD_RUNPATH_SEARCH_PATHS = (
					"$(inherited)",
					"@executable_path/Frameworks",
				);
				MARKETING_VERSION = 1.0;
				PRODUCT_BUNDLE_IDENTIFIER = co.fidanoruc.TaskManager;
				PRODUCT_NAME = "$(TARGET_NAME)";
				SWIFT_EMIT_LOC_STRINGS = YES;
				SWIFT_VERSION = 5.0;
				TARGETED_DEVICE_FAMILY = "1,2";
			};
			name = Release;
		};
		2221B0842944A24A009788BC /* Debug */ = {
			isa = XCBuildConfiguration;
			buildSettings = {
				ALWAYS_EMBED_SWIFT_STANDARD_LIBRARIES = YES;
				BUNDLE_LOADER = "$(TEST_HOST)";
				CODE_SIGN_STYLE = Automatic;
				CURRENT_PROJECT_VERSION = 1;
				DEVELOPMENT_TEAM = 42ZT22L985;
				GENERATE_INFOPLIST_FILE = YES;
				IPHONEOS_DEPLOYMENT_TARGET = 15.5;
				MARKETING_VERSION = 1.0;
				PRODUCT_BUNDLE_IDENTIFIER = co.fidanoruc.TaskManagerTests;
				PRODUCT_NAME = "$(TARGET_NAME)";
				SWIFT_EMIT_LOC_STRINGS = NO;
				SWIFT_VERSION = 5.0;
				TARGETED_DEVICE_FAMILY = "1,2";
				TEST_HOST = "$(BUILT_PRODUCTS_DIR)/TaskManager.app/TaskManager";
			};
			name = Debug;
		};
		2221B0852944A24A009788BC /* Release */ = {
			isa = XCBuildConfiguration;
			buildSettings = {
				ALWAYS_EMBED_SWIFT_STANDARD_LIBRARIES = YES;
				BUNDLE_LOADER = "$(TEST_HOST)";
				CODE_SIGN_STYLE = Automatic;
				CURRENT_PROJECT_VERSION = 1;
				DEVELOPMENT_TEAM = 42ZT22L985;
				GENERATE_INFOPLIST_FILE = YES;
				IPHONEOS_DEPLOYMENT_TARGET = 15.5;
				MARKETING_VERSION = 1.0;
				PRODUCT_BUNDLE_IDENTIFIER = co.fidanoruc.TaskManagerTests;
				PRODUCT_NAME = "$(TARGET_NAME)";
				SWIFT_EMIT_LOC_STRINGS = NO;
				SWIFT_VERSION = 5.0;
				TARGETED_DEVICE_FAMILY = "1,2";
				TEST_HOST = "$(BUILT_PRODUCTS_DIR)/TaskManager.app/TaskManager";
			};
			name = Release;
		};
		2221B0872944A24A009788BC /* Debug */ = {
			isa = XCBuildConfiguration;
			buildSettings = {
				ALWAYS_EMBED_SWIFT_STANDARD_LIBRARIES = YES;
				CODE_SIGN_STYLE = Automatic;
				CURRENT_PROJECT_VERSION = 1;
				DEVELOPMENT_TEAM = 42ZT22L985;
				GENERATE_INFOPLIST_FILE = YES;
				MARKETING_VERSION = 1.0;
				PRODUCT_BUNDLE_IDENTIFIER = co.fidanoruc.TaskManagerUITests;
				PRODUCT_NAME = "$(TARGET_NAME)";
				SWIFT_EMIT_LOC_STRINGS = NO;
				SWIFT_VERSION = 5.0;
				TARGETED_DEVICE_FAMILY = "1,2";
				TEST_TARGET_NAME = TaskManager;
			};
			name = Debug;
		};
		2221B0882944A24A009788BC /* Release */ = {
			isa = XCBuildConfiguration;
			buildSettings = {
				ALWAYS_EMBED_SWIFT_STANDARD_LIBRARIES = YES;
				CODE_SIGN_STYLE = Automatic;
				CURRENT_PROJECT_VERSION = 1;
				DEVELOPMENT_TEAM = 42ZT22L985;
				GENERATE_INFOPLIST_FILE = YES;
				MARKETING_VERSION = 1.0;
				PRODUCT_BUNDLE_IDENTIFIER = co.fidanoruc.TaskManagerUITests;
				PRODUCT_NAME = "$(TARGET_NAME)";
				SWIFT_EMIT_LOC_STRINGS = NO;
				SWIFT_VERSION = 5.0;
				TARGETED_DEVICE_FAMILY = "1,2";
				TEST_TARGET_NAME = TaskManager;
			};
			name = Release;
		};
/* End XCBuildConfiguration section */

/* Begin XCConfigurationList section */
		2221B0522944A248009788BC /* Build configuration list for PBXProject "TaskManager" */ = {
			isa = XCConfigurationList;
			buildConfigurations = (
				2221B07E2944A24A009788BC /* Debug */,
				2221B07F2944A24A009788BC /* Release */,
			);
			defaultConfigurationIsVisible = 0;
			defaultConfigurationName = Release;
		};
		2221B0802944A24A009788BC /* Build configuration list for PBXNativeTarget "TaskManager" */ = {
			isa = XCConfigurationList;
			buildConfigurations = (
				2221B0812944A24A009788BC /* Debug */,
				2221B0822944A24A009788BC /* Release */,
			);
			defaultConfigurationIsVisible = 0;
			defaultConfigurationName = Release;
		};
		2221B0832944A24A009788BC /* Build configuration list for PBXNativeTarget "TaskManagerTests" */ = {
			isa = XCConfigurationList;
			buildConfigurations = (
				2221B0842944A24A009788BC /* Debug */,
				2221B0852944A24A009788BC /* Release */,
			);
			defaultConfigurationIsVisible = 0;
			defaultConfigurationName = Release;
		};
		2221B0862944A24A009788BC /* Build configuration list for PBXNativeTarget "TaskManagerUITests" */ = {
			isa = XCConfigurationList;
			buildConfigurations = (
				2221B0872944A24A009788BC /* Debug */,
				2221B0882944A24A009788BC /* Release */,
			);
			defaultConfigurationIsVisible = 0;
			defaultConfigurationName = Release;
		};
/* End XCConfigurationList section */

/* Begin XCVersionGroup section */
		2221B0652944A24A009788BC /* TaskManager.xcdatamodeld */ = {
			isa = XCVersionGroup;
			children = (
				2221B0662944A24A009788BC /* TaskManager.xcdatamodel */,
			);
			currentVersion = 2221B0662944A24A009788BC /* TaskManager.xcdatamodel */;
			path = TaskManager.xcdatamodeld;
			sourceTree = "<group>";
			versionGroupType = wrapper.xcdatamodel;
		};
/* End XCVersionGroup section */
	};
	rootObject = 2221B04F2944A248009788BC /* Project object */;
}
